
Microsoft Visual Studio Solution File, Format Version 12.00
# Visual Studio Version 16
VisualStudioVersion = 16.0.30413.136
MinimumVisualStudioVersion = 10.0.40219.1
Project("{9A19103F-16F7-4668-BE54-9A1E7A4F7556}") = "Bai1", "Bai1\Bai1.csproj", "{F597E602-71D5-49B1-B8E3-EDEA1372521A}"
EndProject
Project("{9A19103F-16F7-4668-BE54-9A1E7A4F7556}") = "Bai2", "Bai2\Bai2.csproj", "{6969AC3E-2B73-481D-B765-3F36095930EE}"
EndProject
Project("{9A19103F-16F7-4668-BE54-9A1E7A4F7556}") = "Bai3", "Bai3\Bai3.csproj", "{7D4C6160-BC89-4101-9BE0-B3BF9A60F364}"
EndProject
Project("{9A19103F-16F7-4668-BE54-9A1E7A4F7556}") = "Bai4", "Bai4\Bai4.csproj", "{03DF52AD-2F23-469E-B373-CEAE8E76B95E}"
EndProject
Project("{9A19103F-16F7-4668-BE54-9A1E7A4F7556}") = "Bai5", "Bai5\Bai5.csproj", "{826B41AD-BC3B-49A9-A2A7-46F452A8E23A}"
EndProject
Project("{9A19103F-16F7-4668-BE54-9A1E7A4F7556}") = "Bai6", "Bai6\Bai6.csproj", "{D366B9FF-8324-4483-BBE4-5D260033FC36}"
EndProject
Project("{9A19103F-16F7-4668-BE54-9A1E7A4F7556}") = "Bai7", "Bai7\Bai7.csproj", "{845BF5C2-D847-471D-B544-B9C3B16B9D8F}"
EndProject
Project("{9A19103F-16F7-4668-BE54-9A1E7A4F7556}") = "Bai8", "Bai8\Bai8.csproj", "{27192D11-EB28-4D52-8933-890CB5279140}"
EndProject
Project("{9A19103F-16F7-4668-BE54-9A1E7A4F7556}") = "Bai9", "Bai9\Bai9.csproj", "{80D71062-03E4-4E65-AEBB-6EB0DD350AD6}"
EndProject
Project("{9A19103F-16F7-4668-BE54-9A1E7A4F7556}") = "Bai10", "Bai10\Bai10.csproj", "{863C95B0-D0F6-4416-91EF-E5386840F208}"
EndProject
Project("{9A19103F-16F7-4668-BE54-9A1E7A4F7556}") = "Bai11", "Bai11\Bai11.csproj", "{15020CD5-76DE-4D1C-A91E-2DC915416DDC}"
EndProject
Project("{9A19103F-16F7-4668-BE54-9A1E7A4F7556}") = "Bai12", "Bai12\Bai12.csproj", "{C9118DA2-4BAD-4E36-8C2F-E50E0EB42E58}"
EndProject
Project("{9A19103F-16F7-4668-BE54-9A1E7A4F7556}") = "Bai13", "Bai13\Bai13.csproj", "{3EE5F7E5-B443-4862-9587-ABDB2303D0B0}"
EndProject
Project("{9A19103F-16F7-4668-BE54-9A1E7A4F7556}") = "Bai14", "Bai14\Bai14.csproj", "{41E9A81E-D99C-42D6-AA47-A73453D8E008}"
EndProject
Project("{9A19103F-16F7-4668-BE54-9A1E7A4F7556}") = "Bai15", "Bai15\Bai15.csproj", "{7F52647A-8147-4640-AFB5-D2C35D869D8E}"
EndProject
Project("{9A19103F-16F7-4668-BE54-9A1E7A4F7556}") = "Bai16", "Bai16\Bai16.csproj", "{62614B23-7501-4021-8D60-C823DCD6B366}"
EndProject
Project("{9A19103F-16F7-4668-BE54-9A1E7A4F7556}") = "Bai17", "Bai17\Bai17.csproj", "{AFB48D36-F24F-4746-886B-B12B3371C9C2}"
EndProject
Project("{9A19103F-16F7-4668-BE54-9A1E7A4F7556}") = "Bai18", "Bai18\Bai18.csproj", "{57C3BC3C-ABA7-4E8D-A4DE-4C1849DE7045}"
EndProject
Project("{9A19103F-16F7-4668-BE54-9A1E7A4F7556}") = "Bai19", "Bai19\Bai19.csproj", "{17BB298A-F404-4098-8508-A98DC12200EB}"
EndProject
Project("{9A19103F-16F7-4668-BE54-9A1E7A4F7556}") = "Bai20", "Bai20\Bai20.csproj", "{9385F181-EA28-4660-9B2D-586C5F18987B}"
EndProject
Project("{9A19103F-16F7-4668-BE54-9A1E7A4F7556}") = "Bai21", "Bai21\Bai21.csproj", "{7E0B78A5-E56F-472E-A974-774701BEA789}"
EndProject
Project("{9A19103F-16F7-4668-BE54-9A1E7A4F7556}") = "Bai22", "Bai22\Bai22.csproj", "{4CFC701F-02D5-4686-AF94-6C433C495B88}"
EndProject
Project("{9A19103F-16F7-4668-BE54-9A1E7A4F7556}") = "Bai23", "Bai23\Bai23.csproj", "{A3511A53-2982-46B8-BE9D-70B2CDAB920A}"
EndProject
Project("{9A19103F-16F7-4668-BE54-9A1E7A4F7556}") = "Bai24", "Bai24\Bai24.csproj", "{E6538954-0AD7-4465-8F4B-6B290A66B986}"
EndProject
Project("{9A19103F-16F7-4668-BE54-9A1E7A4F7556}") = "Bai25", "Bai25\Bai25.csproj", "{CD863CE9-F0CF-4E8C-B092-D2F535A59BD1}"
EndProject
Project("{9A19103F-16F7-4668-BE54-9A1E7A4F7556}") = "Bai26", "Bai26\Bai26.csproj", "{8B33182A-A3BA-4D9C-8A8B-86CE3343262C}"
EndProject
Project("{9A19103F-16F7-4668-BE54-9A1E7A4F7556}") = "Bai27", "Bai27\Bai27.csproj", "{428C5B02-16A5-4980-B000-AED84D5F5774}"
EndProject
Project("{9A19103F-16F7-4668-BE54-9A1E7A4F7556}") = "Bai28", "Bai28\Bai28.csproj", "{55607838-E880-4CDF-AAE4-A5753B74AEE2}"
EndProject
Project("{9A19103F-16F7-4668-BE54-9A1E7A4F7556}") = "Bai29", "Bai29\Bai29.csproj", "{0F5187EA-3C44-48B7-ABAC-3111084ADDE8}"
EndProject
Project("{9A19103F-16F7-4668-BE54-9A1E7A4F7556}") = "Bai30", "Bai30\Bai30.csproj", "{66A1153E-472E-4FB3-874D-4599F8957061}"
EndProject
Project("{9A19103F-16F7-4668-BE54-9A1E7A4F7556}") = "Bai31", "Bai31\Bai31.csproj", "{4DC3B5A5-04DD-46A6-80F5-7A5C9911B998}"
EndProject
Project("{9A19103F-16F7-4668-BE54-9A1E7A4F7556}") = "Bai32", "Bai32\Bai32.csproj", "{4B1F813B-12B8-4D62-B52C-65641DBB9D62}"
EndProject
Project("{9A19103F-16F7-4668-BE54-9A1E7A4F7556}") = "Bai33", "Bai33\Bai33.csproj", "{A3FC1217-315A-4982-958B-0A1C7C132788}"
EndProject
Project("{9A19103F-16F7-4668-BE54-9A1E7A4F7556}") = "Bai34", "Bai34\Bai34.csproj", "{E89FE695-B8D1-413F-AD02-3423CFDE43C2}"
EndProject
Project("{9A19103F-16F7-4668-BE54-9A1E7A4F7556}") = "Bai35", "Bai35\Bai35.csproj", "{87F55136-0B1B-46FB-B3BB-2ED729DC220F}"
EndProject
Project("{9A19103F-16F7-4668-BE54-9A1E7A4F7556}") = "Bai36", "Bai36\Bai36.csproj", "{8762005F-B1C2-42A9-9115-7540A275BE3E}"
EndProject
Project("{9A19103F-16F7-4668-BE54-9A1E7A4F7556}") = "Bai37", "Bai37\Bai37.csproj", "{6014AC5E-01D8-4072-831F-ADB5E17F8A11}"
EndProject
Project("{9A19103F-16F7-4668-BE54-9A1E7A4F7556}") = "Bai38", "Bai38\Bai38.csproj", "{8D378BDB-290E-492D-84A5-AC2D4DF8AE1C}"
EndProject
Project("{9A19103F-16F7-4668-BE54-9A1E7A4F7556}") = "Bai39", "Bai39\Bai39.csproj", "{BB32FE43-BAC3-4FE8-8C48-31C8293F2A3B}"
EndProject
Project("{9A19103F-16F7-4668-BE54-9A1E7A4F7556}") = "Bai40", "Bai40\Bai40.csproj", "{EF930BAF-0A33-4DFB-8D11-9DE98566C923}"
EndProject
Project("{9A19103F-16F7-4668-BE54-9A1E7A4F7556}") = "Bai41", "Bai41\Bai41.csproj", "{EFDE52A0-D319-4B2D-B8AF-2D02F79CF2F2}"
EndProject
Project("{9A19103F-16F7-4668-BE54-9A1E7A4F7556}") = "Bai42", "Bai42\Bai42.csproj", "{5FFD8DA4-4009-4B03-BF48-7B566E3D2653}"
EndProject
Project("{9A19103F-16F7-4668-BE54-9A1E7A4F7556}") = "Bai43", "Bai43\Bai43.csproj", "{5E39707B-C76B-4A8C-8C71-91187299AA67}"
EndProject
Project("{9A19103F-16F7-4668-BE54-9A1E7A4F7556}") = "Bai44", "Bai44\Bai44.csproj", "{BC0A09EC-3AF3-4D5C-BD1D-48A8F69FE6E6}"
EndProject
Project("{9A19103F-16F7-4668-BE54-9A1E7A4F7556}") = "Bai45", "Bai45\Bai45.csproj", "{336B7769-4779-418A-AC50-E7C86780D094}"
EndProject
Project("{9A19103F-16F7-4668-BE54-9A1E7A4F7556}") = "Bai46", "Bai46\Bai46.csproj", "{026109BE-6280-420C-BCE7-6EF6483DDE55}"
EndProject
Project("{9A19103F-16F7-4668-BE54-9A1E7A4F7556}") = "Bai47", "Bai47\Bai47.csproj", "{CDE15532-1FF3-44B0-A565-0CA026F22198}"
EndProject
Project("{9A19103F-16F7-4668-BE54-9A1E7A4F7556}") = "Bai48", "Bai48\Bai48.csproj", "{508BB9C6-393F-45E4-9983-791DC43F779D}"
EndProject
Project("{9A19103F-16F7-4668-BE54-9A1E7A4F7556}") = "Bai49", "Bai49\Bai49.csproj", "{4B8867E0-0E86-42C0-9EDA-571BBDBFCEF5}"
EndProject
Project("{FAE04EC0-301F-11D3-BF4B-00C04F79EFBC}") = "Bai50", "Bai50\Bai50.csproj", "{3D5E4EED-2C0C-47D5-AF75-2D760C6CDC4B}"
EndProject
Global
	GlobalSection(SolutionConfigurationPlatforms) = preSolution
		Debug|Any CPU = Debug|Any CPU
		Release|Any CPU = Release|Any CPU
	EndGlobalSection
	GlobalSection(ProjectConfigurationPlatforms) = postSolution
		{F597E602-71D5-49B1-B8E3-EDEA1372521A}.Debug|Any CPU.ActiveCfg = Debug|Any CPU
		{F597E602-71D5-49B1-B8E3-EDEA1372521A}.Debug|Any CPU.Build.0 = Debug|Any CPU
		{F597E602-71D5-49B1-B8E3-EDEA1372521A}.Release|Any CPU.ActiveCfg = Release|Any CPU
		{F597E602-71D5-49B1-B8E3-EDEA1372521A}.Release|Any CPU.Build.0 = Release|Any CPU
		{6969AC3E-2B73-481D-B765-3F36095930EE}.Debug|Any CPU.ActiveCfg = Debug|Any CPU
		{6969AC3E-2B73-481D-B765-3F36095930EE}.Debug|Any CPU.Build.0 = Debug|Any CPU
		{6969AC3E-2B73-481D-B765-3F36095930EE}.Release|Any CPU.ActiveCfg = Release|Any CPU
		{6969AC3E-2B73-481D-B765-3F36095930EE}.Release|Any CPU.Build.0 = Release|Any CPU
		{7D4C6160-BC89-4101-9BE0-B3BF9A60F364}.Debug|Any CPU.ActiveCfg = Debug|Any CPU
		{7D4C6160-BC89-4101-9BE0-B3BF9A60F364}.Debug|Any CPU.Build.0 = Debug|Any CPU
		{7D4C6160-BC89-4101-9BE0-B3BF9A60F364}.Release|Any CPU.ActiveCfg = Release|Any CPU
		{7D4C6160-BC89-4101-9BE0-B3BF9A60F364}.Release|Any CPU.Build.0 = Release|Any CPU
		{03DF52AD-2F23-469E-B373-CEAE8E76B95E}.Debug|Any CPU.ActiveCfg = Debug|Any CPU
		{03DF52AD-2F23-469E-B373-CEAE8E76B95E}.Debug|Any CPU.Build.0 = Debug|Any CPU
		{03DF52AD-2F23-469E-B373-CEAE8E76B95E}.Release|Any CPU.ActiveCfg = Release|Any CPU
		{03DF52AD-2F23-469E-B373-CEAE8E76B95E}.Release|Any CPU.Build.0 = Release|Any CPU
		{826B41AD-BC3B-49A9-A2A7-46F452A8E23A}.Debug|Any CPU.ActiveCfg = Debug|Any CPU
		{826B41AD-BC3B-49A9-A2A7-46F452A8E23A}.Debug|Any CPU.Build.0 = Debug|Any CPU
		{826B41AD-BC3B-49A9-A2A7-46F452A8E23A}.Release|Any CPU.ActiveCfg = Release|Any CPU
		{826B41AD-BC3B-49A9-A2A7-46F452A8E23A}.Release|Any CPU.Build.0 = Release|Any CPU
		{D366B9FF-8324-4483-BBE4-5D260033FC36}.Debug|Any CPU.ActiveCfg = Debug|Any CPU
		{D366B9FF-8324-4483-BBE4-5D260033FC36}.Debug|Any CPU.Build.0 = Debug|Any CPU
		{D366B9FF-8324-4483-BBE4-5D260033FC36}.Release|Any CPU.ActiveCfg = Release|Any CPU
		{D366B9FF-8324-4483-BBE4-5D260033FC36}.Release|Any CPU.Build.0 = Release|Any CPU
		{845BF5C2-D847-471D-B544-B9C3B16B9D8F}.Debug|Any CPU.ActiveCfg = Debug|Any CPU
		{845BF5C2-D847-471D-B544-B9C3B16B9D8F}.Debug|Any CPU.Build.0 = Debug|Any CPU
		{845BF5C2-D847-471D-B544-B9C3B16B9D8F}.Release|Any CPU.ActiveCfg = Release|Any CPU
		{845BF5C2-D847-471D-B544-B9C3B16B9D8F}.Release|Any CPU.Build.0 = Release|Any CPU
		{27192D11-EB28-4D52-8933-890CB5279140}.Debug|Any CPU.ActiveCfg = Debug|Any CPU
		{27192D11-EB28-4D52-8933-890CB5279140}.Debug|Any CPU.Build.0 = Debug|Any CPU
		{27192D11-EB28-4D52-8933-890CB5279140}.Release|Any CPU.ActiveCfg = Release|Any CPU
		{27192D11-EB28-4D52-8933-890CB5279140}.Release|Any CPU.Build.0 = Release|Any CPU
		{80D71062-03E4-4E65-AEBB-6EB0DD350AD6}.Debug|Any CPU.ActiveCfg = Debug|Any CPU
		{80D71062-03E4-4E65-AEBB-6EB0DD350AD6}.Debug|Any CPU.Build.0 = Debug|Any CPU
		{80D71062-03E4-4E65-AEBB-6EB0DD350AD6}.Release|Any CPU.ActiveCfg = Release|Any CPU
		{80D71062-03E4-4E65-AEBB-6EB0DD350AD6}.Release|Any CPU.Build.0 = Release|Any CPU
		{863C95B0-D0F6-4416-91EF-E5386840F208}.Debug|Any CPU.ActiveCfg = Debug|Any CPU
		{863C95B0-D0F6-4416-91EF-E5386840F208}.Debug|Any CPU.Build.0 = Debug|Any CPU
		{863C95B0-D0F6-4416-91EF-E5386840F208}.Release|Any CPU.ActiveCfg = Release|Any CPU
		{863C95B0-D0F6-4416-91EF-E5386840F208}.Release|Any CPU.Build.0 = Release|Any CPU
		{15020CD5-76DE-4D1C-A91E-2DC915416DDC}.Debug|Any CPU.ActiveCfg = Debug|Any CPU
		{15020CD5-76DE-4D1C-A91E-2DC915416DDC}.Debug|Any CPU.Build.0 = Debug|Any CPU
		{15020CD5-76DE-4D1C-A91E-2DC915416DDC}.Release|Any CPU.ActiveCfg = Release|Any CPU
		{15020CD5-76DE-4D1C-A91E-2DC915416DDC}.Release|Any CPU.Build.0 = Release|Any CPU
		{C9118DA2-4BAD-4E36-8C2F-E50E0EB42E58}.Debug|Any CPU.ActiveCfg = Debug|Any CPU
		{C9118DA2-4BAD-4E36-8C2F-E50E0EB42E58}.Debug|Any CPU.Build.0 = Debug|Any CPU
		{C9118DA2-4BAD-4E36-8C2F-E50E0EB42E58}.Release|Any CPU.ActiveCfg = Release|Any CPU
		{C9118DA2-4BAD-4E36-8C2F-E50E0EB42E58}.Release|Any CPU.Build.0 = Release|Any CPU
		{3EE5F7E5-B443-4862-9587-ABDB2303D0B0}.Debug|Any CPU.ActiveCfg = Debug|Any CPU
		{3EE5F7E5-B443-4862-9587-ABDB2303D0B0}.Debug|Any CPU.Build.0 = Debug|Any CPU
		{3EE5F7E5-B443-4862-9587-ABDB2303D0B0}.Release|Any CPU.ActiveCfg = Release|Any CPU
		{3EE5F7E5-B443-4862-9587-ABDB2303D0B0}.Release|Any CPU.Build.0 = Release|Any CPU
		{41E9A81E-D99C-42D6-AA47-A73453D8E008}.Debug|Any CPU.ActiveCfg = Debug|Any CPU
		{41E9A81E-D99C-42D6-AA47-A73453D8E008}.Debug|Any CPU.Build.0 = Debug|Any CPU
		{41E9A81E-D99C-42D6-AA47-A73453D8E008}.Release|Any CPU.ActiveCfg = Release|Any CPU
		{41E9A81E-D99C-42D6-AA47-A73453D8E008}.Release|Any CPU.Build.0 = Release|Any CPU
		{7F52647A-8147-4640-AFB5-D2C35D869D8E}.Debug|Any CPU.ActiveCfg = Debug|Any CPU
		{7F52647A-8147-4640-AFB5-D2C35D869D8E}.Debug|Any CPU.Build.0 = Debug|Any CPU
		{7F52647A-8147-4640-AFB5-D2C35D869D8E}.Release|Any CPU.ActiveCfg = Release|Any CPU
		{7F52647A-8147-4640-AFB5-D2C35D869D8E}.Release|Any CPU.Build.0 = Release|Any CPU
		{62614B23-7501-4021-8D60-C823DCD6B366}.Debug|Any CPU.ActiveCfg = Debug|Any CPU
		{62614B23-7501-4021-8D60-C823DCD6B366}.Debug|Any CPU.Build.0 = Debug|Any CPU
		{62614B23-7501-4021-8D60-C823DCD6B366}.Release|Any CPU.ActiveCfg = Release|Any CPU
		{62614B23-7501-4021-8D60-C823DCD6B366}.Release|Any CPU.Build.0 = Release|Any CPU
		{AFB48D36-F24F-4746-886B-B12B3371C9C2}.Debug|Any CPU.ActiveCfg = Debug|Any CPU
		{AFB48D36-F24F-4746-886B-B12B3371C9C2}.Debug|Any CPU.Build.0 = Debug|Any CPU
		{AFB48D36-F24F-4746-886B-B12B3371C9C2}.Release|Any CPU.ActiveCfg = Release|Any CPU
		{AFB48D36-F24F-4746-886B-B12B3371C9C2}.Release|Any CPU.Build.0 = Release|Any CPU
		{57C3BC3C-ABA7-4E8D-A4DE-4C1849DE7045}.Debug|Any CPU.ActiveCfg = Debug|Any CPU
		{57C3BC3C-ABA7-4E8D-A4DE-4C1849DE7045}.Debug|Any CPU.Build.0 = Debug|Any CPU
		{57C3BC3C-ABA7-4E8D-A4DE-4C1849DE7045}.Release|Any CPU.ActiveCfg = Release|Any CPU
		{57C3BC3C-ABA7-4E8D-A4DE-4C1849DE7045}.Release|Any CPU.Build.0 = Release|Any CPU
		{17BB298A-F404-4098-8508-A98DC12200EB}.Debug|Any CPU.ActiveCfg = Debug|Any CPU
		{17BB298A-F404-4098-8508-A98DC12200EB}.Debug|Any CPU.Build.0 = Debug|Any CPU
		{17BB298A-F404-4098-8508-A98DC12200EB}.Release|Any CPU.ActiveCfg = Release|Any CPU
		{17BB298A-F404-4098-8508-A98DC12200EB}.Release|Any CPU.Build.0 = Release|Any CPU
		{9385F181-EA28-4660-9B2D-586C5F18987B}.Debug|Any CPU.ActiveCfg = Debug|Any CPU
		{9385F181-EA28-4660-9B2D-586C5F18987B}.Debug|Any CPU.Build.0 = Debug|Any CPU
		{9385F181-EA28-4660-9B2D-586C5F18987B}.Release|Any CPU.ActiveCfg = Release|Any CPU
		{9385F181-EA28-4660-9B2D-586C5F18987B}.Release|Any CPU.Build.0 = Release|Any CPU
		{7E0B78A5-E56F-472E-A974-774701BEA789}.Debug|Any CPU.ActiveCfg = Debug|Any CPU
		{7E0B78A5-E56F-472E-A974-774701BEA789}.Debug|Any CPU.Build.0 = Debug|Any CPU
		{7E0B78A5-E56F-472E-A974-774701BEA789}.Release|Any CPU.ActiveCfg = Release|Any CPU
		{7E0B78A5-E56F-472E-A974-774701BEA789}.Release|Any CPU.Build.0 = Release|Any CPU
		{4CFC701F-02D5-4686-AF94-6C433C495B88}.Debug|Any CPU.ActiveCfg = Debug|Any CPU
		{4CFC701F-02D5-4686-AF94-6C433C495B88}.Debug|Any CPU.Build.0 = Debug|Any CPU
		{4CFC701F-02D5-4686-AF94-6C433C495B88}.Release|Any CPU.ActiveCfg = Release|Any CPU
		{4CFC701F-02D5-4686-AF94-6C433C495B88}.Release|Any CPU.Build.0 = Release|Any CPU
		{A3511A53-2982-46B8-BE9D-70B2CDAB920A}.Debug|Any CPU.ActiveCfg = Debug|Any CPU
		{A3511A53-2982-46B8-BE9D-70B2CDAB920A}.Debug|Any CPU.Build.0 = Debug|Any CPU
		{A3511A53-2982-46B8-BE9D-70B2CDAB920A}.Release|Any CPU.ActiveCfg = Release|Any CPU
		{A3511A53-2982-46B8-BE9D-70B2CDAB920A}.Release|Any CPU.Build.0 = Release|Any CPU
		{E6538954-0AD7-4465-8F4B-6B290A66B986}.Debug|Any CPU.ActiveCfg = Debug|Any CPU
		{E6538954-0AD7-4465-8F4B-6B290A66B986}.Debug|Any CPU.Build.0 = Debug|Any CPU
		{E6538954-0AD7-4465-8F4B-6B290A66B986}.Release|Any CPU.ActiveCfg = Release|Any CPU
		{E6538954-0AD7-4465-8F4B-6B290A66B986}.Release|Any CPU.Build.0 = Release|Any CPU
		{CD863CE9-F0CF-4E8C-B092-D2F535A59BD1}.Debug|Any CPU.ActiveCfg = Debug|Any CPU
		{CD863CE9-F0CF-4E8C-B092-D2F535A59BD1}.Debug|Any CPU.Build.0 = Debug|Any CPU
		{CD863CE9-F0CF-4E8C-B092-D2F535A59BD1}.Release|Any CPU.ActiveCfg = Release|Any CPU
		{CD863CE9-F0CF-4E8C-B092-D2F535A59BD1}.Release|Any CPU.Build.0 = Release|Any CPU
		{8B33182A-A3BA-4D9C-8A8B-86CE3343262C}.Debug|Any CPU.ActiveCfg = Debug|Any CPU
		{8B33182A-A3BA-4D9C-8A8B-86CE3343262C}.Debug|Any CPU.Build.0 = Debug|Any CPU
		{8B33182A-A3BA-4D9C-8A8B-86CE3343262C}.Release|Any CPU.ActiveCfg = Release|Any CPU
		{8B33182A-A3BA-4D9C-8A8B-86CE3343262C}.Release|Any CPU.Build.0 = Release|Any CPU
		{428C5B02-16A5-4980-B000-AED84D5F5774}.Debug|Any CPU.ActiveCfg = Debug|Any CPU
		{428C5B02-16A5-4980-B000-AED84D5F5774}.Debug|Any CPU.Build.0 = Debug|Any CPU
		{428C5B02-16A5-4980-B000-AED84D5F5774}.Release|Any CPU.ActiveCfg = Release|Any CPU
		{428C5B02-16A5-4980-B000-AED84D5F5774}.Release|Any CPU.Build.0 = Release|Any CPU
		{55607838-E880-4CDF-AAE4-A5753B74AEE2}.Debug|Any CPU.ActiveCfg = Debug|Any CPU
		{55607838-E880-4CDF-AAE4-A5753B74AEE2}.Debug|Any CPU.Build.0 = Debug|Any CPU
		{55607838-E880-4CDF-AAE4-A5753B74AEE2}.Release|Any CPU.ActiveCfg = Release|Any CPU
		{55607838-E880-4CDF-AAE4-A5753B74AEE2}.Release|Any CPU.Build.0 = Release|Any CPU
		{0F5187EA-3C44-48B7-ABAC-3111084ADDE8}.Debug|Any CPU.ActiveCfg = Debug|Any CPU
		{0F5187EA-3C44-48B7-ABAC-3111084ADDE8}.Debug|Any CPU.Build.0 = Debug|Any CPU
		{0F5187EA-3C44-48B7-ABAC-3111084ADDE8}.Release|Any CPU.ActiveCfg = Release|Any CPU
		{0F5187EA-3C44-48B7-ABAC-3111084ADDE8}.Release|Any CPU.Build.0 = Release|Any CPU
		{66A1153E-472E-4FB3-874D-4599F8957061}.Debug|Any CPU.ActiveCfg = Debug|Any CPU
		{66A1153E-472E-4FB3-874D-4599F8957061}.Debug|Any CPU.Build.0 = Debug|Any CPU
		{66A1153E-472E-4FB3-874D-4599F8957061}.Release|Any CPU.ActiveCfg = Release|Any CPU
		{66A1153E-472E-4FB3-874D-4599F8957061}.Release|Any CPU.Build.0 = Release|Any CPU
		{4DC3B5A5-04DD-46A6-80F5-7A5C9911B998}.Debug|Any CPU.ActiveCfg = Debug|Any CPU
		{4DC3B5A5-04DD-46A6-80F5-7A5C9911B998}.Debug|Any CPU.Build.0 = Debug|Any CPU
		{4DC3B5A5-04DD-46A6-80F5-7A5C9911B998}.Release|Any CPU.ActiveCfg = Release|Any CPU
		{4DC3B5A5-04DD-46A6-80F5-7A5C9911B998}.Release|Any CPU.Build.0 = Release|Any CPU
		{4B1F813B-12B8-4D62-B52C-65641DBB9D62}.Debug|Any CPU.ActiveCfg = Debug|Any CPU
		{4B1F813B-12B8-4D62-B52C-65641DBB9D62}.Debug|Any CPU.Build.0 = Debug|Any CPU
		{4B1F813B-12B8-4D62-B52C-65641DBB9D62}.Release|Any CPU.ActiveCfg = Release|Any CPU
		{4B1F813B-12B8-4D62-B52C-65641DBB9D62}.Release|Any CPU.Build.0 = Release|Any CPU
		{A3FC1217-315A-4982-958B-0A1C7C132788}.Debug|Any CPU.ActiveCfg = Debug|Any CPU
		{A3FC1217-315A-4982-958B-0A1C7C132788}.Debug|Any CPU.Build.0 = Debug|Any CPU
		{A3FC1217-315A-4982-958B-0A1C7C132788}.Release|Any CPU.ActiveCfg = Release|Any CPU
		{A3FC1217-315A-4982-958B-0A1C7C132788}.Release|Any CPU.Build.0 = Release|Any CPU
		{E89FE695-B8D1-413F-AD02-3423CFDE43C2}.Debug|Any CPU.ActiveCfg = Debug|Any CPU
		{E89FE695-B8D1-413F-AD02-3423CFDE43C2}.Debug|Any CPU.Build.0 = Debug|Any CPU
		{E89FE695-B8D1-413F-AD02-3423CFDE43C2}.Release|Any CPU.ActiveCfg = Release|Any CPU
		{E89FE695-B8D1-413F-AD02-3423CFDE43C2}.Release|Any CPU.Build.0 = Release|Any CPU
		{87F55136-0B1B-46FB-B3BB-2ED729DC220F}.Debug|Any CPU.ActiveCfg = Debug|Any CPU
		{87F55136-0B1B-46FB-B3BB-2ED729DC220F}.Debug|Any CPU.Build.0 = Debug|Any CPU
		{87F55136-0B1B-46FB-B3BB-2ED729DC220F}.Release|Any CPU.ActiveCfg = Release|Any CPU
		{87F55136-0B1B-46FB-B3BB-2ED729DC220F}.Release|Any CPU.Build.0 = Release|Any CPU
		{8762005F-B1C2-42A9-9115-7540A275BE3E}.Debug|Any CPU.ActiveCfg = Debug|Any CPU
		{8762005F-B1C2-42A9-9115-7540A275BE3E}.Debug|Any CPU.Build.0 = Debug|Any CPU
		{8762005F-B1C2-42A9-9115-7540A275BE3E}.Release|Any CPU.ActiveCfg = Release|Any CPU
		{8762005F-B1C2-42A9-9115-7540A275BE3E}.Release|Any CPU.Build.0 = Release|Any CPU
		{6014AC5E-01D8-4072-831F-ADB5E17F8A11}.Debug|Any CPU.ActiveCfg = Debug|Any CPU
		{6014AC5E-01D8-4072-831F-ADB5E17F8A11}.Debug|Any CPU.Build.0 = Debug|Any CPU
		{6014AC5E-01D8-4072-831F-ADB5E17F8A11}.Release|Any CPU.ActiveCfg = Release|Any CPU
		{6014AC5E-01D8-4072-831F-ADB5E17F8A11}.Release|Any CPU.Build.0 = Release|Any CPU
		{8D378BDB-290E-492D-84A5-AC2D4DF8AE1C}.Debug|Any CPU.ActiveCfg = Debug|Any CPU
		{8D378BDB-290E-492D-84A5-AC2D4DF8AE1C}.Debug|Any CPU.Build.0 = Debug|Any CPU
		{8D378BDB-290E-492D-84A5-AC2D4DF8AE1C}.Release|Any CPU.ActiveCfg = Release|Any CPU
		{8D378BDB-290E-492D-84A5-AC2D4DF8AE1C}.Release|Any CPU.Build.0 = Release|Any CPU
		{BB32FE43-BAC3-4FE8-8C48-31C8293F2A3B}.Debug|Any CPU.ActiveCfg = Debug|Any CPU
		{BB32FE43-BAC3-4FE8-8C48-31C8293F2A3B}.Debug|Any CPU.Build.0 = Debug|Any CPU
		{BB32FE43-BAC3-4FE8-8C48-31C8293F2A3B}.Release|Any CPU.ActiveCfg = Release|Any CPU
		{BB32FE43-BAC3-4FE8-8C48-31C8293F2A3B}.Release|Any CPU.Build.0 = Release|Any CPU
		{EF930BAF-0A33-4DFB-8D11-9DE98566C923}.Debug|Any CPU.ActiveCfg = Debug|Any CPU
		{EF930BAF-0A33-4DFB-8D11-9DE98566C923}.Debug|Any CPU.Build.0 = Debug|Any CPU
		{EF930BAF-0A33-4DFB-8D11-9DE98566C923}.Release|Any CPU.ActiveCfg = Release|Any CPU
		{EF930BAF-0A33-4DFB-8D11-9DE98566C923}.Release|Any CPU.Build.0 = Release|Any CPU
		{EFDE52A0-D319-4B2D-B8AF-2D02F79CF2F2}.Debug|Any CPU.ActiveCfg = Debug|Any CPU
		{EFDE52A0-D319-4B2D-B8AF-2D02F79CF2F2}.Debug|Any CPU.Build.0 = Debug|Any CPU
		{EFDE52A0-D319-4B2D-B8AF-2D02F79CF2F2}.Release|Any CPU.ActiveCfg = Release|Any CPU
		{EFDE52A0-D319-4B2D-B8AF-2D02F79CF2F2}.Release|Any CPU.Build.0 = Release|Any CPU
		{5FFD8DA4-4009-4B03-BF48-7B566E3D2653}.Debug|Any CPU.ActiveCfg = Debug|Any CPU
		{5FFD8DA4-4009-4B03-BF48-7B566E3D2653}.Debug|Any CPU.Build.0 = Debug|Any CPU
		{5FFD8DA4-4009-4B03-BF48-7B566E3D2653}.Release|Any CPU.ActiveCfg = Release|Any CPU
		{5FFD8DA4-4009-4B03-BF48-7B566E3D2653}.Release|Any CPU.Build.0 = Release|Any CPU
		{5E39707B-C76B-4A8C-8C71-91187299AA67}.Debug|Any CPU.ActiveCfg = Debug|Any CPU
		{5E39707B-C76B-4A8C-8C71-91187299AA67}.Debug|Any CPU.Build.0 = Debug|Any CPU
		{5E39707B-C76B-4A8C-8C71-91187299AA67}.Release|Any CPU.ActiveCfg = Release|Any CPU
		{5E39707B-C76B-4A8C-8C71-91187299AA67}.Release|Any CPU.Build.0 = Release|Any CPU
		{BC0A09EC-3AF3-4D5C-BD1D-48A8F69FE6E6}.Debug|Any CPU.ActiveCfg = Debug|Any CPU
		{BC0A09EC-3AF3-4D5C-BD1D-48A8F69FE6E6}.Debug|Any CPU.Build.0 = Debug|Any CPU
		{BC0A09EC-3AF3-4D5C-BD1D-48A8F69FE6E6}.Release|Any CPU.ActiveCfg = Release|Any CPU
		{BC0A09EC-3AF3-4D5C-BD1D-48A8F69FE6E6}.Release|Any CPU.Build.0 = Release|Any CPU
		{336B7769-4779-418A-AC50-E7C86780D094}.Debug|Any CPU.ActiveCfg = Debug|Any CPU
		{336B7769-4779-418A-AC50-E7C86780D094}.Debug|Any CPU.Build.0 = Debug|Any CPU
		{336B7769-4779-418A-AC50-E7C86780D094}.Release|Any CPU.ActiveCfg = Release|Any CPU
		{336B7769-4779-418A-AC50-E7C86780D094}.Release|Any CPU.Build.0 = Release|Any CPU
		{026109BE-6280-420C-BCE7-6EF6483DDE55}.Debug|Any CPU.ActiveCfg = Debug|Any CPU
		{026109BE-6280-420C-BCE7-6EF6483DDE55}.Debug|Any CPU.Build.0 = Debug|Any CPU
		{026109BE-6280-420C-BCE7-6EF6483DDE55}.Release|Any CPU.ActiveCfg = Release|Any CPU
		{026109BE-6280-420C-BCE7-6EF6483DDE55}.Release|Any CPU.Build.0 = Release|Any CPU
		{CDE15532-1FF3-44B0-A565-0CA026F22198}.Debug|Any CPU.ActiveCfg = Debug|Any CPU
		{CDE15532-1FF3-44B0-A565-0CA026F22198}.Debug|Any CPU.Build.0 = Debug|Any CPU
		{CDE15532-1FF3-44B0-A565-0CA026F22198}.Release|Any CPU.ActiveCfg = Release|Any CPU
		{CDE15532-1FF3-44B0-A565-0CA026F22198}.Release|Any CPU.Build.0 = Release|Any CPU
		{508BB9C6-393F-45E4-9983-791DC43F779D}.Debug|Any CPU.ActiveCfg = Debug|Any CPU
		{508BB9C6-393F-45E4-9983-791DC43F779D}.Debug|Any CPU.Build.0 = Debug|Any CPU
		{508BB9C6-393F-45E4-9983-791DC43F779D}.Release|Any CPU.ActiveCfg = Release|Any CPU
		{508BB9C6-393F-45E4-9983-791DC43F779D}.Release|Any CPU.Build.0 = Release|Any CPU
		{4B8867E0-0E86-42C0-9EDA-571BBDBFCEF5}.Debug|Any CPU.ActiveCfg = Debug|Any CPU
		{4B8867E0-0E86-42C0-9EDA-571BBDBFCEF5}.Debug|Any CPU.Build.0 = Debug|Any CPU
		{4B8867E0-0E86-42C0-9EDA-571BBDBFCEF5}.Release|Any CPU.ActiveCfg = Release|Any CPU
		{4B8867E0-0E86-42C0-9EDA-571BBDBFCEF5}.Release|Any CPU.Build.0 = Release|Any CPU
		{3D5E4EED-2C0C-47D5-AF75-2D760C6CDC4B}.Debug|Any CPU.ActiveCfg = Debug|Any CPU
		{3D5E4EED-2C0C-47D5-AF75-2D760C6CDC4B}.Debug|Any CPU.Build.0 = Debug|Any CPU
		{3D5E4EED-2C0C-47D5-AF75-2D760C6CDC4B}.Release|Any CPU.ActiveCfg = Release|Any CPU
		{3D5E4EED-2C0C-47D5-AF75-2D760C6CDC4B}.Release|Any CPU.Build.0 = Release|Any CPU
	EndGlobalSection
	GlobalSection(SolutionProperties) = preSolution
		HideSolutionNode = FALSE
	EndGlobalSection
	GlobalSection(ExtensibilityGlobals) = postSolution
		SolutionGuid = {D3CA5CC0-B70A-44F3-B8CD-B5C41AA951E8}
	EndGlobalSection
EndGlobal
